
Microsoft Visual Studio Solution File, Format Version 12.00
# Visual Studio Version 16
VisualStudioVersion = 16.0.31624.102
MinimumVisualStudioVersion = 10.0.40219.1
Project("{FAE04EC0-301F-11D3-BF4B-00C04F79EFBC}") = "ConsoleSampleproject", "ConsoleSampleproject\ConsoleSampleproject.csproj", "{2B64F2FC-90D2-4F72-A076-125F87656A4A}"
EndProject
Global
	GlobalSection(SolutionConfigurationPlatforms) = preSolution
		Debug|Any CPU = Debug|Any CPU
		Release|Any CPU = Release|Any CPU
	EndGlobalSection
	GlobalSection(ProjectConfigurationPlatforms) = postSolution
		{2B64F2FC-90D2-4F72-A076-125F87656A4A}.Debug|Any CPU.ActiveCfg = Debug|Any CPU
		{2B64F2FC-90D2-4F72-A076-125F87656A4A}.Debug|Any CPU.Build.0 = Debug|Any CPU
		{2B64F2FC-90D2-4F72-A076-125F87656A4A}.Release|Any CPU.ActiveCfg = Release|Any CPU
		{2B64F2FC-90D2-4F72-A076-125F87656A4A}.Release|Any CPU.Build.0 = Release|Any CPU
	EndGlobalSection
	GlobalSection(SolutionProperties) = preSolution
		HideSolutionNode = FALSE
	EndGlobalSection
	GlobalSection(ExtensibilityGlobals) = postSolution
		SolutionGuid = {854407D0-B55C-4D0A-BE96-EF6DD656ADB2}
	EndGlobalSection
EndGlobal
